{
  "name": "deelmarkt",
  "lockfileVersion": 3,
  "requires": true,
  "packages": {
    "": {
      "dependencies": {
        "@devran-ai/kit": "^4.5.0"
      }
    },
    "node_modules/@devran-ai/kit": {
      "version": "4.5.0",
      "resolved": "https://registry.npmjs.org/@devran-ai/kit/-/kit-4.5.0.tgz",
      "integrity": "sha512-T7oUIMAKGhLXvr63b5BcX6f1bxFBaIMEAfKVC6rqFAzwV4lAYEVsET1BPhOfHFZ42ocYwTXlA7lj5BnaCxr2EQ==",
      "hasInstallScript": true,
      "license": "MIT",
      "bin": {
        "kit": "bin/kit.js"
      },
      "engines": {
        "node": ">=18.0.0",
        "npm": ">=9.0.0"
      }
    }
  }
}
